{
  "name": "angular-remix",
  "version": "1.0.0",
  "lockfileVersion": 2,
  "requires": true,
  "packages": {
    "": {
      "name": "angular-remix",
      "version": "1.0.0",
      "license": "MIT",
      "workspaces": [
        "angular"
      ]
    },
    "angular": {
      "version": "1.0.0",
      "license": "ISC"
    },
    "node_modules/angular": {
      "resolved": "angular",
      "link": true
    }
  },
  "dependencies": {
    "angular": {
      "version": "file:angular"
    }
  }
}
